
Microsoft Visual Studio Solution File, Format Version 12.00
# Visual Studio 15
VisualStudioVersion = 15.0.28010.2026
MinimumVisualStudioVersion = 10.0.40219.1
Project("{FAE04EC0-301F-11D3-BF4B-00C04F79EFBC}") = "Api", "Api\Api.csproj", "{AC71797E-25B4-4427-A558-B9DE3BE2B91B}"
EndProject
Global
	GlobalSection(SolutionConfigurationPlatforms) = preSolution
		Debug|Any CPU = Debug|Any CPU
		Release|Any CPU = Release|Any CPU
	EndGlobalSection
	GlobalSection(ProjectConfigurationPlatforms) = postSolution
		{AC71797E-25B4-4427-A558-B9DE3BE2B91B}.Debug|Any CPU.ActiveCfg = Debug|Any CPU
		{AC71797E-25B4-4427-A558-B9DE3BE2B91B}.Debug|Any CPU.Build.0 = Debug|Any CPU
		{AC71797E-25B4-4427-A558-B9DE3BE2B91B}.Release|Any CPU.ActiveCfg = Release|Any CPU
		{AC71797E-25B4-4427-A558-B9DE3BE2B91B}.Release|Any CPU.Build.0 = Release|Any CPU
	EndGlobalSection
	GlobalSection(SolutionProperties) = preSolution
		HideSolutionNode = FALSE
	EndGlobalSection
	GlobalSection(ExtensibilityGlobals) = postSolution
		SolutionGuid = {5A11EB0C-F4CA-42E1-9F18-13B24A1E88C1}
	EndGlobalSection
EndGlobal
