
Microsoft Visual Studio Solution File, Format Version 12.00
# Visual Studio 15
VisualStudioVersion = 15.0.28010.2026
MinimumVisualStudioVersion = 10.0.40219.1
Project("{FAE04EC0-301F-11D3-BF4B-00C04F79EFBC}") = "IntroductionADO", "IntroductionADO\IntroductionADO.csproj", "{D5EC0636-17F1-47EE-8205-D09431B6313E}"
EndProject
Global
	GlobalSection(SolutionConfigurationPlatforms) = preSolution
		Debug|Any CPU = Debug|Any CPU
		Release|Any CPU = Release|Any CPU
	EndGlobalSection
	GlobalSection(ProjectConfigurationPlatforms) = postSolution
		{D5EC0636-17F1-47EE-8205-D09431B6313E}.Debug|Any CPU.ActiveCfg = Debug|Any CPU
		{D5EC0636-17F1-47EE-8205-D09431B6313E}.Debug|Any CPU.Build.0 = Debug|Any CPU
		{D5EC0636-17F1-47EE-8205-D09431B6313E}.Release|Any CPU.ActiveCfg = Release|Any CPU
		{D5EC0636-17F1-47EE-8205-D09431B6313E}.Release|Any CPU.Build.0 = Release|Any CPU
	EndGlobalSection
	GlobalSection(SolutionProperties) = preSolution
		HideSolutionNode = FALSE
	EndGlobalSection
	GlobalSection(ExtensibilityGlobals) = postSolution
		SolutionGuid = {4F034A5C-B2BD-48A3-AB19-D9463BC8A70B}
	EndGlobalSection
EndGlobal
